#MicroXplorer Configuration settings - do not modify
File.Version=5
KeepUserPlacement=true
Mcu.Family=STM32F7
Mcu.IP0=CORTEX_M7
Mcu.IP1=NVIC
Mcu.IP2=RCC
Mcu.IP3=SYS
Mcu.IP4=USART1
Mcu.IPNb=5
Mcu.Name=STM32F746N(E-G)Hx
Mcu.Package=TFBGA216
Mcu.Pin0=PB3
Mcu.Pin1=PA14
Mcu.Pin2=PA13
Mcu.Pin3=PB7
Mcu.Pin4=PA9
Mcu.PinsNb=5
Mcu.UserConstants=
Mcu.UserName=STM32F746NGHx
MxCube.Version=4.12.0
MxDb.Version=DB.4.0.120
NVIC.PriorityGroup=NVIC_PRIORITYGROUP_4
NVIC.SysTick_IRQn=true\:0\:0\:false
PA13.Mode=Trace-Asynchronous_SW
PA13.Signal=SYS_JTMS-SWDIO
PA14.Mode=Trace-Asynchronous_SW
PA14.Signal=SYS_JTCK-SWCLK
PA9.GPIOParameters=GPIO_Label
PA9.GPIO_Label=VCP_TX
PA9.Locked=true
PA9.Mode=Asynchronous
PA9.Signal=USART1_TX
PB3.Mode=Trace-Asynchronous_SW
PB3.Signal=SYS_JTDO-SWO
PB7.GPIOParameters=GPIO_Label
PB7.GPIO_Label=VCP_RX
PB7.Mode=Asynchronous
PB7.Signal=USART1_RX
PCC.Checker=false
PCC.Line=STM32F7x6
PCC.MCU=STM32F746N(E-G)Hx
PCC.MXVersion=4.12.0
PCC.PartNumber=STM32F746NGHx
PCC.Seq0=0
PCC.Series=STM32F7
PCC.Temperature=25
PCC.Vdd=3.3
ProjectManager.AskForMigrate=true
ProjectManager.BackupPrevious=false
ProjectManager.CompilerOptimize=2
ProjectManager.ComputerToolchain=false
ProjectManager.CoupleFile=false
ProjectManager.DeletePrevious=true
ProjectManager.DeviceId=STM32F746NGHx
ProjectManager.FirmwarePackage=STM32Cube FW_F7 V1.3.1
ProjectManager.FreePins=false
ProjectManager.HalAssertFull=false
ProjectManager.KeepUserCode=true
ProjectManager.LastFirmware=true
ProjectManager.LibraryCopy=0
ProjectManager.ProjectBuild=false
ProjectManager.ProjectFileName=STM32F7D-SerialOut.ioc
ProjectManager.ProjectName=STM32F7D-SerialOut
ProjectManager.TargetToolchain=SW4STM32
ProjectManager.ToolChainLocation=
RCC.AHBFreq_Value=216000000
RCC.APB1CLKDivider=RCC_HCLK_DIV4
RCC.APB1Freq_Value=54000000
RCC.APB1TimFreq_Value=108000000
RCC.APB2CLKDivider=RCC_HCLK_DIV2
RCC.APB2Freq_Value=108000000
RCC.APB2TimFreq_Value=216000000
RCC.CECFreq_Value=32786.88524590164
RCC.CortexFreq_Value=216000000
RCC.EthernetFreq_Value=216000000
RCC.FCLKCortexFreq_Value=216000000
RCC.FamilyName=M
RCC.HCLKFreq_Value=216000000
RCC.HSE_VALUE=25000000
RCC.HSI_VALUE=16000000
RCC.I2C1Freq_Value=54000000
RCC.I2C2Freq_Value=54000000
RCC.I2C3Freq_Value=54000000
RCC.I2C4Freq_Value=54000000
RCC.I2SFreq_Value=192000000
RCC.IPParameters=PLLI2SPCLKFreq_Value,HCLKFreq_Value,SYSCLKFreq_VALUE,UART8Freq_Value,UART7Freq_Value,UART4Freq_Value,PLLSAIoutputFreq_Value,FamilyName,PLLCLKFreq_Value,PLLQCLKFreq_Value,UART5Freq_Value,APB2CLKDivider,USBFreq_Value,I2C2Freq_Value,SYSCLKSource,MCO2PinFreq_Value,CortexFreq_Value,CECFreq_Value,FCLKCortexFreq_Value,APB1CLKDivider,SDMMCFreq_Value,APB2Freq_Value,VCOI2SOutputFreq_Value,PLLI2SQCLKFreq_Value,PLLI2SRCLKFreq_Value,I2C3Freq_Value,APB2TimFreq_Value,HSE_VALUE,PLLI2SRoutputFreq_Value,I2C4Freq_Value,PLLSAIRCLKFreq_Value,I2SFreq_Value,USART2Freq_Value,HSI_VALUE,PLLQ,APB1TimFreq_Value,USART1Freq_Value,APB1Freq_Value,PLLSAIQCLKFreq_Value,SAI2Freq_Value,SAI1Freq_Value,LSI_VALUE,AHBFreq_Value,I2C1Freq_Value,VCOInputFreq_Value,VCOOutputFreq_Value,PLLSAIPCLKFreq_Value,LCDTFToutputFreq_Value,SPDIFRXFreq_Value,VCOSAIOutputFreq_Value,EthernetFreq_Value,USART3Freq_Value,USART6Freq_Value,PLLQoutputFreq_Value,LPTIM1Freq_Value,PLLM,PLLN,LSE_VALUE
RCC.LCDTFToutputFreq_Value=96000000
RCC.LPTIM1Freq_Value=54000000
RCC.LSE_VALUE=32768
RCC.LSI_VALUE=32000
RCC.MCO2PinFreq_Value=216000000
RCC.PLLCLKFreq_Value=216000000
RCC.PLLI2SPCLKFreq_Value=192000000
RCC.PLLI2SQCLKFreq_Value=192000000
RCC.PLLI2SRCLKFreq_Value=192000000
RCC.PLLI2SRoutputFreq_Value=192000000
RCC.PLLM=8
RCC.PLLN=216
RCC.PLLQ=7
RCC.PLLQCLKFreq_Value=61714285.71428572
RCC.PLLQoutputFreq_Value=61714285.71428572
RCC.PLLSAIPCLKFreq_Value=192000000
RCC.PLLSAIQCLKFreq_Value=192000000
RCC.PLLSAIRCLKFreq_Value=192000000
RCC.PLLSAIoutputFreq_Value=192000000
RCC.SAI1Freq_Value=192000000
RCC.SAI2Freq_Value=192000000
RCC.SDMMCFreq_Value=216000000
RCC.SPDIFRXFreq_Value=192000000
RCC.SYSCLKFreq_VALUE=216000000
RCC.SYSCLKSource=RCC_SYSCLKSOURCE_PLLCLK
RCC.UART4Freq_Value=54000000
RCC.UART5Freq_Value=54000000
RCC.UART7Freq_Value=54000000
RCC.UART8Freq_Value=54000000
RCC.USART1Freq_Value=108000000
RCC.USART2Freq_Value=54000000
RCC.USART3Freq_Value=54000000
RCC.USART6Freq_Value=108000000
RCC.USBFreq_Value=61714285.71428572
RCC.VCOI2SOutputFreq_Value=384000000
RCC.VCOInputFreq_Value=2000000
RCC.VCOOutputFreq_Value=432000000
RCC.VCOSAIOutputFreq_Value=384000000
board=STM32F746G-DISCO
boardIOC=true
